github.com/pieterjandesmedt/hugo-theme-bedandboardgames v0.0.0-20221028214357-0cb6e0a6a058 h1:vBsLJqn7oa+A6AcnivEpuIef1ubUqEvR18dnKT+ZL1Q=
github.com/pieterjandesmedt/hugo-theme-bedandboardgames v0.0.0-20221028214357-0cb6e0a6a058/go.mod h1:1DBJtXubGGn4J/bTzqkbX9O42utIUPfuqedszeHi8sY=
github.com/pieterjandesmedt/hugo-theme-bedandboardgames v0.0.0-20230331090705-f0195b36743b h1:CW6aPxkQdtGG3jE3eiCHV6HLtYDaMhJb56K5kbGgJgE=
github.com/pieterjandesmedt/hugo-theme-bedandboardgames v0.0.0-20230331090705-f0195b36743b/go.mod h1:1DBJtXubGGn4J/bTzqkbX9O42utIUPfuqedszeHi8sY=
github.com/pieterjandesmedt/hugo-theme-bedandboardgames v0.0.0-20230331095731-c75b2b94626e h1:w0kyyQoFfw3ynwyBUk46hJcOX7Wkdoa652rEnAJass0=
github.com/pieterjandesmedt/hugo-theme-bedandboardgames v0.0.0-20230331095731-c75b2b94626e/go.mod h1:1DBJtXubGGn4J/bTzqkbX9O42utIUPfuqedszeHi8sY=
github.com/pieterjandesmedt/hugo-theme-bedandboardgames v0.0.0-20230331102405-01de933c70a9 h1:b2nuvi7eRo+SwyXtTcU3bMlysJznY7Q29J4D7yHYM24=
github.com/pieterjandesmedt/hugo-theme-bedandboardgames v0.0.0-20230331102405-01de933c70a9/go.mod h1:1DBJtXubGGn4J/bTzqkbX9O42utIUPfuqedszeHi8sY=
github.com/pieterjandesmedt/hugo-theme-bedandboardgames v0.0.0-20230331104219-e7b04141d606 h1:Yvpscr78LbdMxMWBHhGn/RZXyF5Rpt9yDjvRf2d2Jh0=
github.com/pieterjandesmedt/hugo-theme-bedandboardgames v0.0.0-20230331104219-e7b04141d606/go.mod h1:1DBJtXubGGn4J/bTzqkbX9O42utIUPfuqedszeHi8sY=
